
Microsoft Visual Studio Solution File, Format Version 12.00
# Visual Studio Version 17
VisualStudioVersion = 17.5.002.0
MinimumVisualStudioVersion = 10.0.40219.1
Project("{9A19103F-16F7-4668-BE54-9A1E7A4F7556}") = "QUESTION_BANK", "QUESTION_BANK.csproj", "{FF2009BB-5403-418F-A8EB-7B9EAEE2A26D}"
EndProject
Global
	GlobalSection(SolutionConfigurationPlatforms) = preSolution
		Debug|Any CPU = Debug|Any CPU
		Release|Any CPU = Release|Any CPU
	EndGlobalSection
	GlobalSection(ProjectConfigurationPlatforms) = postSolution
		{FF2009BB-5403-418F-A8EB-7B9EAEE2A26D}.Debug|Any CPU.ActiveCfg = Debug|Any CPU
		{FF2009BB-5403-418F-A8EB-7B9EAEE2A26D}.Debug|Any CPU.Build.0 = Debug|Any CPU
		{FF2009BB-5403-418F-A8EB-7B9EAEE2A26D}.Release|Any CPU.ActiveCfg = Release|Any CPU
		{FF2009BB-5403-418F-A8EB-7B9EAEE2A26D}.Release|Any CPU.Build.0 = Release|Any CPU
	EndGlobalSection
	GlobalSection(SolutionProperties) = preSolution
		HideSolutionNode = FALSE
	EndGlobalSection
	GlobalSection(ExtensibilityGlobals) = postSolution
		SolutionGuid = {636FEFE5-3531-4B03-80A0-CB8A5CCE8EAC}
	EndGlobalSection
EndGlobal
